# This file is generated by running "yarn install" inside your project.
# Manual changes might be lost - proceed with caution!

__metadata:
  version: 8
  cacheKey: 10c0

"@augment-vir/assert@npm:^31.1.0, @augment-vir/assert@npm:^31.19.1, @augment-vir/assert@npm:^31.46.1":
  version: 31.46.1
  resolution: "@augment-vir/assert@npm:31.46.1"
  dependencies:
    "@augment-vir/core": "npm:^31.46.1"
    "@date-vir/duration": "npm:^8.0.0"
    deep-eql: "npm:^5.0.2"
    expect-type: "npm:^1.2.2"
    type-fest: "npm:^5.1.0"
  checksum: 10c0/4e56577b006938a6cb7defa3a28934d8a807cc7c78a0b75dde7f02eb56ecdc9fd1454b2003146f3f34e3c9d107e023b4c0f91dd9fb0c8b3e54d52cbb8823204b
  languageName: node
  linkType: hard

"@augment-vir/common@npm:^31.1.0, @augment-vir/common@npm:^31.10.1, @augment-vir/common@npm:^31.19.1":
  version: 31.46.1
  resolution: "@augment-vir/common@npm:31.46.1"
  dependencies:
    "@augment-vir/assert": "npm:^31.46.1"
    "@augment-vir/core": "npm:^31.46.1"
    "@date-vir/duration": "npm:^8.0.0"
    ansi-styles: "npm:^6.2.3"
    deepcopy-esm: "npm:^2.1.1"
    json5: "npm:^2.2.3"
    type-fest: "npm:^5.1.0"
    typed-event-target: "npm:^4.1.0"
  checksum: 10c0/d43e46fb8b55369f27e229a783525ef08f08619bc473d292a44b98bff93a5d9e70f05eabb57bcdfb9b2f397adede77d8a3481b641dc550174a365acabd814438
  languageName: node
  linkType: hard

"@augment-vir/core@npm:^31.19.1, @augment-vir/core@npm:^31.46.1":
  version: 31.46.1
  resolution: "@augment-vir/core@npm:31.46.1"
  dependencies:
    "@date-vir/duration": "npm:^8.0.0"
    browser-or-node: "npm:^3.0.0"
    diff: "npm:^8.0.2"
    json5: "npm:^2.2.3"
    type-fest: "npm:^5.1.0"
  checksum: 10c0/047cf674046f91cc5d8c058e2fda82bba011fbf32da262f8dc1b3a2540d339512cec9aced93aaa1f450cb2503ef5c914550c83930c9b590f96c77b6d4c1b464f
  languageName: node
  linkType: hard

"@date-vir/duration@npm:^8.0.0":
  version: 8.0.0
  resolution: "@date-vir/duration@npm:8.0.0"
  dependencies:
    "@types/luxon": "npm:^3.7.1"
    luxon: "npm:^3.7.2"
    type-fest: "npm:^5.0.1"
  checksum: 10c0/cdeca3114618aaf3e6809d706e624c001a03b749047f22cca53cee386ff04b62b1bb1826caf64b42447846414350f648f72b2e795fa31db0e2a0d4fd8d144d4b
  languageName: node
  linkType: hard

"@gratisvictory/chronoverse-eslint-x@workspace:.":
  version: 0.0.0-use.local
  resolution: "@gratisvictory/chronoverse-eslint-x@workspace:."
  dependencies:
    "@types/node": "npm:^24.9.1"
    prettier: "npm:^3.6.2"
    prettier-plugin-multiline-arrays: "npm:^4.0.3"
    prettier-plugin-packagejson: "npm:^2.5.19"
    prettier-plugin-sort-json: "npm:^4.1.1"
    typescript: "npm:^6.0.0-dev.20251026"
  languageName: unknown
  linkType: soft

"@pkgr/core@npm:^0.2.9":
  version: 0.2.9
  resolution: "@pkgr/core@npm:0.2.9"
  checksum: 10c0/ac8e4e8138b1a7a4ac6282873aef7389c352f1f8b577b4850778f5182e4a39a5241facbe48361fec817f56d02b51691b383010843fb08b34a8e8ea3614688fd5
  languageName: node
  linkType: hard

"@types/luxon@npm:^3.7.1":
  version: 3.7.1
  resolution: "@types/luxon@npm:3.7.1"
  checksum: 10c0/2db30c13b58adcd86daa447faa3ba59515fe907ead8ee3e6bb716d662812af0619d712f6c1eb190cdd7f9d2c00444c3ecd80af0f36e8143eb0c5e7339d6b2aca
  languageName: node
  linkType: hard

"@types/node@npm:^24.9.1":
  version: 24.9.1
  resolution: "@types/node@npm:24.9.1"
  dependencies:
    undici-types: "npm:~7.16.0"
  checksum: 10c0/c52f8168080ef9a7c3dc23d8ac6061fab5371aad89231a0f6f4c075869bc3de7e89b075b1f3e3171d9e5143d0dda1807c3dab8e32eac6d68f02e7480e7e78576
  languageName: node
  linkType: hard

"ansi-styles@npm:^6.2.3":
  version: 6.2.3
  resolution: "ansi-styles@npm:6.2.3"
  checksum: 10c0/23b8a4ce14e18fb854693b95351e286b771d23d8844057ed2e7d083cd3e708376c3323707ec6a24365f7d7eda3ca00327fe04092e29e551499ec4c8b7bfac868
  languageName: node
  linkType: hard

"browser-or-node@npm:^3.0.0":
  version: 3.0.0
  resolution: "browser-or-node@npm:3.0.0"
  checksum: 10c0/05db930e0a21bfffef74dbc4a27eaa12113e7f43a95f3b80a925f624212d701b86034cdfb5c422bdee061c4ae8442d294feee8996e6ae2555a8e46ea0b830b52
  languageName: node
  linkType: hard

"deep-eql@npm:^5.0.2":
  version: 5.0.2
  resolution: "deep-eql@npm:5.0.2"
  checksum: 10c0/7102cf3b7bb719c6b9c0db2e19bf0aa9318d141581befe8c7ce8ccd39af9eaa4346e5e05adef7f9bd7015da0f13a3a25dcfe306ef79dc8668aedbecb658dd247
  languageName: node
  linkType: hard

"deepcopy-esm@npm:^2.1.1":
  version: 2.1.1
  resolution: "deepcopy-esm@npm:2.1.1"
  checksum: 10c0/56a21fd47eeed19f9c1c8c469e5368832596d8a1d21a73648c8acdbfae04e85e86bee7bd3669f1376da3cf0e6a487fb9d0de2f1b68b42e01ff4c90e49c2a1db0
  languageName: node
  linkType: hard

"detect-indent@npm:^7.0.1":
  version: 7.0.2
  resolution: "detect-indent@npm:7.0.2"
  checksum: 10c0/adb1334ca3fe516dc6817aff0a777540b88643ab92fe13a72d0f5d12721ca796ffdd0e5fedb7b45e6e82657156c6ad44f5d5758157f0439532ae7d07b595146b
  languageName: node
  linkType: hard

"detect-newline@npm:^4.0.1":
  version: 4.0.1
  resolution: "detect-newline@npm:4.0.1"
  checksum: 10c0/1cc1082e88ad477f30703ae9f23bd3e33816ea2db6a35333057e087d72d466f5a777809b71f560118ecff935d2c712f5b59e1008a8b56a900909d8fd4621c603
  languageName: node
  linkType: hard

"diff@npm:^8.0.2":
  version: 8.0.2
  resolution: "diff@npm:8.0.2"
  checksum: 10c0/abfb387f033e089df3ec3be960205d17b54df8abf0924d982a7ced3a94c557a4e6cbff2e78b121f216b85f466b3d8d041673a386177c311aaea41459286cc9bc
  languageName: node
  linkType: hard

"expect-type@npm:^1.2.2":
  version: 1.2.2
  resolution: "expect-type@npm:1.2.2"
  checksum: 10c0/6019019566063bbc7a690d9281d920b1a91284a4a093c2d55d71ffade5ac890cf37a51e1da4602546c4b56569d2ad2fc175a2ccee77d1ae06cb3af91ef84f44b
  languageName: node
  linkType: hard

"fdir@npm:^6.5.0":
  version: 6.5.0
  resolution: "fdir@npm:6.5.0"
  peerDependencies:
    picomatch: ^3 || ^4
  peerDependenciesMeta:
    picomatch:
      optional: true
  checksum: 10c0/e345083c4306b3aed6cb8ec551e26c36bab5c511e99ea4576a16750ddc8d3240e63826cc624f5ae17ad4dc82e68a253213b60d556c11bfad064b7607847ed07f
  languageName: node
  linkType: hard

"git-hooks-list@npm:^4.0.0":
  version: 4.1.1
  resolution: "git-hooks-list@npm:4.1.1"
  checksum: 10c0/74d87b1ed457214599566032e3bb79d75ec1605729e83fa6182b889900dd94fc14aafe7b8c66b40562ab9fdeea0e0d8035c23a64d8eb9d3917d1f1d6c06c8e4d
  languageName: node
  linkType: hard

"is-plain-obj@npm:^4.1.0":
  version: 4.1.0
  resolution: "is-plain-obj@npm:4.1.0"
  checksum: 10c0/32130d651d71d9564dc88ba7e6fda0e91a1010a3694648e9f4f47bb6080438140696d3e3e15c741411d712e47ac9edc1a8a9de1fe76f3487b0d90be06ac9975e
  languageName: node
  linkType: hard

"json5@npm:^2.2.3":
  version: 2.2.3
  resolution: "json5@npm:2.2.3"
  bin:
    json5: lib/cli.js
  checksum: 10c0/5a04eed94810fa55c5ea138b2f7a5c12b97c3750bc63d11e511dcecbfef758003861522a070c2272764ee0f4e3e323862f386945aeb5b85b87ee43f084ba586c
  languageName: node
  linkType: hard

"luxon@npm:^3.7.2":
  version: 3.7.2
  resolution: "luxon@npm:3.7.2"
  checksum: 10c0/ed8f0f637826c08c343a29dd478b00628be93bba6f068417b1d8896b61cb61c6deacbe1df1e057dbd9298334044afa150f9aaabbeb3181418ac8520acfdc2ae2
  languageName: node
  linkType: hard

"picomatch@npm:^4.0.3":
  version: 4.0.3
  resolution: "picomatch@npm:4.0.3"
  checksum: 10c0/9582c951e95eebee5434f59e426cddd228a7b97a0161a375aed4be244bd3fe8e3a31b846808ea14ef2c8a2527a6eeab7b3946a67d5979e81694654f939473ae2
  languageName: node
  linkType: hard

"prettier-plugin-multiline-arrays@npm:^4.0.3":
  version: 4.0.3
  resolution: "prettier-plugin-multiline-arrays@npm:4.0.3"
  dependencies:
    "@augment-vir/common": "npm:^31.10.1"
    proxy-vir: "npm:^2.0.1"
  peerDependencies:
    prettier: ">=3.0.0"
  checksum: 10c0/4d511aeb3aff19a2eaeda576fa93b718594466942f43661d30521816506f175970c18c4c258ec9c4b1185ff1f2a04a7376aaaa910a067d17a7f224f98763f64f
  languageName: node
  linkType: hard

"prettier-plugin-packagejson@npm:^2.5.19":
  version: 2.5.19
  resolution: "prettier-plugin-packagejson@npm:2.5.19"
  dependencies:
    sort-package-json: "npm:3.4.0"
    synckit: "npm:0.11.11"
  peerDependencies:
    prettier: ">= 1.16.0"
  peerDependenciesMeta:
    prettier:
      optional: true
  checksum: 10c0/288b8658fae8c620d3a7175f64026af8f450f053b8357b86b7d4c697287eae7e706c825d6819959bae1b539103a586f72d8b829574970392d0082f6ec5520d3f
  languageName: node
  linkType: hard

"prettier-plugin-sort-json@npm:^4.1.1":
  version: 4.1.1
  resolution: "prettier-plugin-sort-json@npm:4.1.1"
  peerDependencies:
    prettier: ^3.0.0
  checksum: 10c0/b3b86ea679e95d0329c367aa860af4033d8a3b83a0656d7393f2005b2df78e20d19fbe2c40fe7b531262210e40060318a4287459c2a4f61c6a6bd1c2757e2b7d
  languageName: node
  linkType: hard

"prettier@npm:^3.6.2":
  version: 3.6.2
  resolution: "prettier@npm:3.6.2"
  bin:
    prettier: bin/prettier.cjs
  checksum: 10c0/488cb2f2b99ec13da1e50074912870217c11edaddedeadc649b1244c749d15ba94e846423d062e2c4c9ae683e2d65f754de28889ba06e697ac4f988d44f45812
  languageName: node
  linkType: hard

"proxy-vir@npm:^2.0.1":
  version: 2.0.1
  resolution: "proxy-vir@npm:2.0.1"
  dependencies:
    "@augment-vir/assert": "npm:^31.1.0"
    "@augment-vir/common": "npm:^31.1.0"
  checksum: 10c0/8fd7c242e5c971833ba8dd4e08b7c642c3f9508fe5d93043e665e1a323fa71b0aa727553d8ab6513756fafcc2f937e2ac23bd4a67edac0e0d4d2456ed6018353
  languageName: node
  linkType: hard

"semver@npm:^7.7.1":
  version: 7.7.3
  resolution: "semver@npm:7.7.3"
  bin:
    semver: bin/semver.js
  checksum: 10c0/4afe5c986567db82f44c8c6faef8fe9df2a9b1d98098fc1721f57c696c4c21cebd572f297fc21002f81889492345b8470473bc6f4aff5fb032a6ea59ea2bc45e
  languageName: node
  linkType: hard

"sort-object-keys@npm:^1.1.3":
  version: 1.1.3
  resolution: "sort-object-keys@npm:1.1.3"
  checksum: 10c0/3bf62398658d3ff4bbca0db4ed8f42f98abc41433859f63d02fb0ab953fbe5526be240ec7e5d85aa50fcab6c937f3fa7015abf1ecdeb3045a2281c53953886bf
  languageName: node
  linkType: hard

"sort-package-json@npm:3.4.0":
  version: 3.4.0
  resolution: "sort-package-json@npm:3.4.0"
  dependencies:
    detect-indent: "npm:^7.0.1"
    detect-newline: "npm:^4.0.1"
    git-hooks-list: "npm:^4.0.0"
    is-plain-obj: "npm:^4.1.0"
    semver: "npm:^7.7.1"
    sort-object-keys: "npm:^1.1.3"
    tinyglobby: "npm:^0.2.12"
  bin:
    sort-package-json: cli.js
  checksum: 10c0/1adb7860eee770fa51ac1c810c2fa2483ab47bf150d1fc2437ef28314ee928142a51245ba22aac8a8c662f431609fc633d404bcdd93acbf54d5a056253741218
  languageName: node
  linkType: hard

"synckit@npm:0.11.11":
  version: 0.11.11
  resolution: "synckit@npm:0.11.11"
  dependencies:
    "@pkgr/core": "npm:^0.2.9"
  checksum: 10c0/f0761495953d12d94a86edf6326b3a565496c72f9b94c02549b6961fb4d999f4ca316ce6b3eb8ed2e4bfc5056a8de65cda0bd03a233333a35221cd2fdc0e196b
  languageName: node
  linkType: hard

"tagged-tag@npm:^1.0.0":
  version: 1.0.0
  resolution: "tagged-tag@npm:1.0.0"
  checksum: 10c0/91d25c9ffb86a91f20522cefb2cbec9b64caa1febe27ad0df52f08993ff60888022d771e868e6416cf2e72dab68449d2139e8709ba009b74c6c7ecd4000048d1
  languageName: node
  linkType: hard

"tinyglobby@npm:^0.2.12":
  version: 0.2.15
  resolution: "tinyglobby@npm:0.2.15"
  dependencies:
    fdir: "npm:^6.5.0"
    picomatch: "npm:^4.0.3"
  checksum: 10c0/869c31490d0d88eedb8305d178d4c75e7463e820df5a9b9d388291daf93e8b1eb5de1dad1c1e139767e4269fe75f3b10d5009b2cc14db96ff98986920a186844
  languageName: node
  linkType: hard

"type-fest@npm:^5.0.1, type-fest@npm:^5.1.0":
  version: 5.1.0
  resolution: "type-fest@npm:5.1.0"
  dependencies:
    tagged-tag: "npm:^1.0.0"
  checksum: 10c0/7b051de4c2f3b89cac6f1ef8f9fb013f56e9bf87755d9b9b4363d3b87d6bd75a76f72d9c586508c644f00e3911b331002cfbad10c19dfe7e2c43c73dd52190f7
  languageName: node
  linkType: hard

"typed-event-target@npm:^4.1.0":
  version: 4.1.0
  resolution: "typed-event-target@npm:4.1.0"
  dependencies:
    "@augment-vir/assert": "npm:^31.19.1"
    "@augment-vir/common": "npm:^31.19.1"
    "@augment-vir/core": "npm:^31.19.1"
  checksum: 10c0/3ab934670b4b89f91817e27f9f348ab87c9da46647d905a818d1af3808a3a9ddbac790b87811ff59aaec4c15da43300f934643c7b02fd83df92f9981dd68086b
  languageName: node
  linkType: hard

"typescript@npm:^6.0.0-dev.20251026":
  version: 6.0.0-dev.20251026
  resolution: "typescript@npm:6.0.0-dev.20251026"
  bin:
    tsc: bin/tsc
    tsserver: bin/tsserver
  checksum: 10c0/44f1635a8d0d8a1485fcf4c788f8c747613cab97e491f19c71f02c1ddcfb90d35ded2bd5fb919c1f025d5dad0b0d18f3b959e6f6161b7b5fee5b1087b16935dd
  languageName: node
  linkType: hard

"typescript@patch:typescript@npm%3A^6.0.0-dev.20251026#optional!builtin<compat/typescript>":
  version: 6.0.0-dev.20251026
  resolution: "typescript@patch:typescript@npm%3A6.0.0-dev.20251026#optional!builtin<compat/typescript>::version=6.0.0-dev.20251026&hash=5786d5"
  bin:
    tsc: bin/tsc
    tsserver: bin/tsserver
  checksum: 10c0/1e07d6468e0252cfbca4ccee56b1b899d26debc16cfc3c80cfd29ec5be55146966486280b1283edf5447c685ef676260d92f3553d6f2875def58bf82291efd9b
  languageName: node
  linkType: hard

"undici-types@npm:~7.16.0":
  version: 7.16.0
  resolution: "undici-types@npm:7.16.0"
  checksum: 10c0/3033e2f2b5c9f1504bdc5934646cb54e37ecaca0f9249c983f7b1fc2e87c6d18399ebb05dc7fd5419e02b2e915f734d872a65da2e3eeed1813951c427d33cc9a
  languageName: node
  linkType: hard
